
Microsoft Visual Studio Solution File, Format Version 12.00
Project("{FAE04EC0-301F-11D3-BF4B-00C04F79EFBC}") = "TalkToMeAlexa.FuncTown", "TalkToMeAlexa.FuncTown\TalkToMeAlexa.FuncTown.csproj", "{9FB1FA5C-EA0B-47D4-82D9-5CC4EA4331DB}"
EndProject
Global
	GlobalSection(SolutionConfigurationPlatforms) = preSolution
		Debug|Any CPU = Debug|Any CPU
		Release|Any CPU = Release|Any CPU
	EndGlobalSection
	GlobalSection(ProjectConfigurationPlatforms) = postSolution
		{9FB1FA5C-EA0B-47D4-82D9-5CC4EA4331DB}.Debug|Any CPU.ActiveCfg = Debug|Any CPU
		{9FB1FA5C-EA0B-47D4-82D9-5CC4EA4331DB}.Debug|Any CPU.Build.0 = Debug|Any CPU
		{9FB1FA5C-EA0B-47D4-82D9-5CC4EA4331DB}.Release|Any CPU.ActiveCfg = Release|Any CPU
		{9FB1FA5C-EA0B-47D4-82D9-5CC4EA4331DB}.Release|Any CPU.Build.0 = Release|Any CPU
	EndGlobalSection
EndGlobal
